
Microsoft Visual Studio Solution File, Format Version 12.00
# Visual Studio Version 16
VisualStudioVersion = 16.0.30717.126
MinimumVisualStudioVersion = 10.0.40219.1
Project("{FAE04EC0-301F-11D3-BF4B-00C04F79EFBC}") = "ConsoleAppY", "ConsoleAppY\ConsoleAppY.csproj", "{A94C3909-D73F-461D-8B2E-82F59F49C9EE}"
EndProject
Global
	GlobalSection(SolutionConfigurationPlatforms) = preSolution
		Debug|Any CPU = Debug|Any CPU
		Release|Any CPU = Release|Any CPU
	EndGlobalSection
	GlobalSection(ProjectConfigurationPlatforms) = postSolution
		{A94C3909-D73F-461D-8B2E-82F59F49C9EE}.Debug|Any CPU.ActiveCfg = Debug|Any CPU
		{A94C3909-D73F-461D-8B2E-82F59F49C9EE}.Debug|Any CPU.Build.0 = Debug|Any CPU
		{A94C3909-D73F-461D-8B2E-82F59F49C9EE}.Release|Any CPU.ActiveCfg = Release|Any CPU
		{A94C3909-D73F-461D-8B2E-82F59F49C9EE}.Release|Any CPU.Build.0 = Release|Any CPU
	EndGlobalSection
	GlobalSection(SolutionProperties) = preSolution
		HideSolutionNode = FALSE
	EndGlobalSection
	GlobalSection(ExtensibilityGlobals) = postSolution
		SolutionGuid = {D0461832-5096-4F7B-8365-91CFCB32795D}
	EndGlobalSection
EndGlobal
